// !$*UTF8*$!
{
	archiveVersion = 1;
	classes = {
	};
	objectVersion = 46;
	objects = {

/* Begin PBXBuildFile section */
		21F1069C1EB8F7E300608B10 /* AppDelegate.swift in Sources */ = {isa = PBXBuildFile; fileRef = 21F1069B1EB8F7E300608B10 /* AppDelegate.swift */; };
		21F1069E1EB8F7E300608B10 /* ViewController.swift in Sources */ = {isa = PBXBuildFile; fileRef = 21F1069D1EB8F7E300608B10 /* ViewController.swift */; };
		21F106A01EB8F7E300608B10 /* Assets.xcassets in Resources */ = {isa = PBXBuildFile; fileRef = 21F1069F1EB8F7E300608B10 /* Assets.xcassets */; };
		21F106A31EB8F7E300608B10 /* Main.storyboard in Resources */ = {isa = PBXBuildFile; fileRef = 21F106A11EB8F7E300608B10 /* Main.storyboard */; };
/* End PBXBuildFile section */

/* Begin PBXFileReference section */
		21F106981EB8F7E300608B10 /* cameraAccess.app */ = {isa = PBXFileReference; explicitFileType = wrapper.application; includeInIndex = 0; path = cameraAccess.app; sourceTree = BUILT_PRODUCTS_DIR; };
		21F1069B1EB8F7E300608B10 /* AppDelegate.swift */ = {isa = PBXFileReference; lastKnownFileType = sourcecode.swift; path = AppDelegate.swift; sourceTree = "<group>"; };
		21F1069D1EB8F7E300608B10 /* ViewController.swift */ = {isa = PBXFileReference; lastKnownFileType = sourcecode.swift; path = ViewController.swift; sourceTree = "<group>"; };
		21F1069F1EB8F7E300608B10 /* Assets.xcassets */ = {isa = PBXFileReference; lastKnownFileType = folder.assetcatalog; path = Assets.xcassets; sourceTree = "<group>"; };
		21F106A21EB8F7E300608B10 /* Base */ = {isa = PBXFileReference; lastKnownFileType = file.storyboard; name = Base; path = Base.lproj/Main.storyboard; sourceTree = "<group>"; };
		21F106A41EB8F7E300608B10 /* Info.plist */ = {isa = PBXFileReference; lastKnownFileType = text.plist.xml; path = Info.plist; sourceTree = "<group>"; };
/* End PBXFileReference section */

/* Begin PBXFrameworksBuildPhase section */
		21F106951EB8F7E200608B10 /* Frameworks */ = {
			isa = PBXFrameworksBuildPhase;
			buildActionMask = 2147483647;
			files = (
			);
			runOnlyForDeploymentPostprocessing = 0;
		};
/* End PBXFrameworksBuildPhase section */

/* Begin PBXGroup section */
		21F1068F1EB8F7E200608B10 = {
			isa = PBXGroup;
			children = (
				21F1069A1EB8F7E300608B10 /* cameraAccess */,
				21F106991EB8F7E300608B10 /* Products */,
			);
			sourceTree = "<group>";
		};
		21F106991EB8F7E300608B10 /* Products */ = {
			isa = PBXGroup;
			children = (
				21F106981EB8F7E300608B10 /* cameraAccess.app */,
			);
			name = Products;
			sourceTree = "<group>";
		};
		21F1069A1EB8F7E300608B10 /* cameraAccess */ = {
			isa = PBXGroup;
			children = (
				21F1069B1EB8F7E300608B10 /* AppDelegate.swift */,
				21F1069D1EB8F7E300608B10 /* ViewController.swift */,
				21F1069F1EB8F7E300608B10 /* Assets.xcassets */,
				21F106A11EB8F7E300608B10 /* Main.storyboard */,
				21F106A41EB8F7E300608B10 /* Info.plist */,
			);
			path = cameraAccess;
			sourceTree = "<group>";
		};
/* End PBXGroup section */

/* Begin PBXNativeTarget section */
		21F106971EB8F7E200608B10 /* cameraAccess */ = {
			isa = PBXNativeTarget;
			buildConfigurationList = 21F106A71EB8F7E300608B10 /* Build configuration list for PBXNativeTarget "cameraAccess" */;
			buildPhases = (
				21F106941EB8F7E200608B10 /* Sources */,
				21F106951EB8F7E200608B10 /* Frameworks */,
				21F106961EB8F7E200608B10 /* Resources */,
			);
			buildRules = (
			);
			dependencies = (
			);
			name = cameraAccess;
			productName = cameraAccess;
			productReference = 21F106981EB8F7E300608B10 /* cameraAccess.app */;
			productType = "com.apple.product-type.application";
		};
/* End PBXNativeTarget section */

/* Begin PBXProject section */
		21F106901EB8F7E200608B10 /* Project object */ = {
			isa = PBXProject;
			attributes = {
				LastSwiftUpdateCheck = 0820;
				LastUpgradeCheck = 0820;
				ORGANIZATIONNAME = lrc;
				TargetAttributes = {
					21F106971EB8F7E200608B10 = {
						CreatedOnToolsVersion = 8.2.1;
						ProvisioningStyle = Automatic;
					};
				};
			};
			buildConfigurationList = 21F106931EB8F7E200608B10 /* Build configuration list for PBXProject "cameraAccess" */;
			compatibilityVersion = "Xcode 3.2";
			developmentRegion = English;
			hasScannedForEncodings = 0;
			knownRegions = (
				en,
				Base,
			);
			mainGroup = 21F1068F1EB8F7E200608B10;
			productRefGroup = 21F106991EB8F7E300608B10 /* Products */;
			projectDirPath = "";
			projectRoot = "";
			targets = (
				21F106971EB8F7E200608B10 /* cameraAccess */,
			);
		};
/* End PBXProject section */

/* Begin PBXResourcesBuildPhase section */
		21F106961EB8F7E200608B10 /* Resources */ = {
			isa = PBXResourcesBuildPhase;
			buildActionMask = 2147483647;
			files = (
				21F106A01EB8F7E300608B10 /* Assets.xcassets in Resources */,
				21F106A31EB8F7E300608B10 /* Main.storyboard in Resources */,
			);
			runOnlyForDeploymentPostprocessing = 0;
		};
/* End PBXResourcesBuildPhase section */

/* Begin PBXSourcesBuildPhase section */
		21F106941EB8F7E200608B10 /* Sources */ = {
			isa = PBXSourcesBuildPhase;
			buildActionMask = 2147483647;
			files = (
				21F1069E1EB8F7E300608B10 /* ViewController.swift in Sources */,
				21F1069C1EB8F7E300608B10 /* AppDelegate.swift in Sources */,
			);
			runOnlyForDeploymentPostprocessing = 0;
		};
/* End PBXSourcesBuildPhase section */

/* Begin PBXVariantGroup section */
		21F106A11EB8F7E300608B10 /* Main.storyboard */ = {
			isa = PBXVariantGroup;
			children = (
				21F106A21EB8F7E300608B10 /* Base */,
			);
			name = Main.storyboard;
			sourceTree = "<group>";
		};
/* End PBXVariantGroup section */

/* Begin XCBuildConfiguration section */
		21F106A51EB8F7E300608B10 /* Debug */ = {
			isa = XCBuildConfiguration;
			buildSettings = {
				ALWAYS_SEARCH_USER_PATHS = NO;
				CLANG_ANALYZER_NONNULL = YES;
				CLANG_CXX_LANGUAGE_STANDARD = "gnu++0x";
				CLANG_CXX_LIBRARY = "libc++";
				CLANG_ENABLE_MODULES = YES;
				CLANG_ENABLE_OBJC_ARC = YES;
				CLANG_WARN_BOOL_CONVERSION = YES;
				CLANG_WARN_CONSTANT_CONVERSION = YES;
				CLANG_WARN_DIRECT_OBJC_ISA_USAGE = YES_ERROR;
				CLANG_WARN_DOCUMENTATION_COMMENTS = YES;
				CLANG_WARN_EMPTY_BODY = YES;
				CLANG_WARN_ENUM_CONVERSION = YES;
				CLANG_WARN_INFINITE_RECURSION = YES;
				CLANG_WARN_INT_CONVERSION = YES;
				CLANG_WARN_OBJC_ROOT_CLASS = YES_ERROR;
				CLANG_WARN_SUSPICIOUS_MOVE = YES;
				CLANG_WARN_UNREACHABLE_CODE = YES;
				CLANG_WARN__DUPLICATE_METHOD_MATCH = YES;
				CODE_SIGN_IDENTITY = "-";
				COPY_PHASE_STRIP = NO;
				DEBUG_INFORMATION_FORMAT = dwarf;
				ENABLE_STRICT_OBJC_MSGSEND = YES;
				ENABLE_TESTABILITY = YES;
				GCC_C_LANGUAGE_STANDARD = gnu99;
				GCC_DYNAMIC_NO_PIC = NO;
				GCC_NO_COMMON_BLOCKS = YES;
				GCC_OPTIMIZATION_LEVEL = 0;
				GCC_PREPROCESSOR_DEFINITIONS = (
					"DEBUG=1",
					"$(inherited)",
				);
				GCC_WARN_64_TO_32_BIT_CONVERSION = YES;
				GCC_WARN_ABOUT_RETURN_TYPE = YES_ERROR;
				GCC_WARN_UNDECLARED_SELECTOR = YES;
				GCC_WARN_UNINITIALIZED_AUTOS = YES_AGGRESSIVE;
				GCC_WARN_UNUSED_FUNCTION = YES;
				GCC_WARN_UNUSED_VARIABLE = YES;
				MACOSX_DEPLOYMENT_TARGET = 10.11;
				MTL_ENABLE_DEBUG_INFO = YES;
				ONLY_ACTIVE_ARCH = YES;
				SDKROOT = macosx;
				SWIFT_ACTIVE_COMPILATION_CONDITIONS = DEBUG;
				SWIFT_OPTIMIZATION_LEVEL = "-Onone";
			};
			name = Debug;
		};
		21F106A61EB8F7E300608B10 /* Release */ = {
			isa = XCBuildConfiguration;
			buildSettings = {
				ALWAYS_SEARCH_USER_PATHS = NO;
				CLANG_ANALYZER_NONNULL = YES;
				CLANG_CXX_LANGUAGE_STANDARD = "gnu++0x";
				CLANG_CXX_LIBRARY = "libc++";
				CLANG_ENABLE_MODULES = YES;
				CLANG_ENABLE_OBJC_ARC = YES;
				CLANG_WARN_BOOL_CONVERSION = YES;
				CLANG_WARN_CONSTANT_CONVERSION = YES;
				CLANG_WARN_DIRECT_OBJC_ISA_USAGE = YES_ERROR;
				CLANG_WARN_DOCUMENTATION_COMMENTS = YES;
				CLANG_WARN_EMPTY_BODY = YES;
				CLANG_WARN_ENUM_CONVERSION = YES;
				CLANG_WARN_INFINITE_RECURSION = YES;
				CLANG_WARN_INT_CONVERSION = YES;
				CLANG_WARN_OBJC_ROOT_CLASS = YES_ERROR;
				CLANG_WARN_SUSPICIOUS_MOVE = YES;
				CLANG_WARN_UNREACHABLE_CODE = YES;
				CLANG_WARN__DUPLICATE_METHOD_MATCH = YES;
				CODE_SIGN_IDENTITY = "-";
				COPY_PHASE_STRIP = NO;
				DEBUG_INFORMATION_FORMAT = "dwarf-with-dsym";
				ENABLE_NS_ASSERTIONS = NO;
				ENABLE_STRICT_OBJC_MSGSEND = YES;
				GCC_C_LANGUAGE_STANDARD = gnu99;
				GCC_NO_COMMON_BLOCKS = YES;
				GCC_WARN_64_TO_32_BIT_CONVERSION = YES;
				GCC_WARN_ABOUT_RETURN_TYPE = YES_ERROR;
				GCC_WARN_UNDECLARED_SELECTOR = YES;
				GCC_WARN_UNINITIALIZED_AUTOS = YES_AGGRESSIVE;
				GCC_WARN_UNUSED_FUNCTION = YES;
				GCC_WARN_UNUSED_VARIABLE = YES;
				MACOSX_DEPLOYMENT_TARGET = 10.11;
				MTL_ENABLE_DEBUG_INFO = NO;
				SDKROOT = macosx;
				SWIFT_OPTIMIZATION_LEVEL = "-Owholemodule";
			};
			name = Release;
		};
		21F106A81EB8F7E300608B10 /* Debug */ = {
			isa = XCBuildConfiguration;
			buildSettings = {
				ASSETCATALOG_COMPILER_APPICON_NAME = AppIcon;
				COMBINE_HIDPI_IMAGES = YES;
				INFOPLIST_FILE = cameraAccess/Info.plist;
				LD_RUNPATH_SEARCH_PATHS = "$(inherited) @executable_path/../Frameworks";
				PRODUCT_BUNDLE_IDENTIFIER = lrc.cameraAccess;
				PRODUCT_NAME = "$(TARGET_NAME)";
				SWIFT_VERSION = 3.0;
			};
			name = Debug;
		};
		21F106A91EB8F7E300608B10 /* Release */ = {
			isa = XCBuildConfiguration;
			buildSettings = {
				ASSETCATALOG_COMPILER_APPICON_NAME = AppIcon;
				COMBINE_HIDPI_IMAGES = YES;
				INFOPLIST_FILE = cameraAccess/Info.plist;
				LD_RUNPATH_SEARCH_PATHS = "$(inherited) @executable_path/../Frameworks";
				PRODUCT_BUNDLE_IDENTIFIER = lrc.cameraAccess;
				PRODUCT_NAME = "$(TARGET_NAME)";
				SWIFT_VERSION = 3.0;
			};
			name = Release;
		};
/* End XCBuildConfiguration section */

/* Begin XCConfigurationList section */
		21F106931EB8F7E200608B10 /* Build configuration list for PBXProject "cameraAccess" */ = {
			isa = XCConfigurationList;
			buildConfigurations = (
				21F106A51EB8F7E300608B10 /* Debug */,
				21F106A61EB8F7E300608B10 /* Release */,
			);
			defaultConfigurationIsVisible = 0;
			defaultConfigurationName = Release;
		};
		21F106A71EB8F7E300608B10 /* Build configuration list for PBXNativeTarget "cameraAccess" */ = {
			isa = XCConfigurationList;
			buildConfigurations = (
				21F106A81EB8F7E300608B10 /* Debug */,
				21F106A91EB8F7E300608B10 /* Release */,
			);
			defaultConfigurationIsVisible = 0;
		};
/* End XCConfigurationList section */
	};
	rootObject = 21F106901EB8F7E200608B10 /* Project object */;
}
