// !$*UTF8*$!
{
	archiveVersion = 1;
	classes = {
	};
	objectVersion = 46;
	objects = {

/* Begin PBXBuildFile section */
		21018ED71E6CD501007FA39D /* AppDelegate.swift in Sources */ = {isa = PBXBuildFile; fileRef = 21018ED61E6CD501007FA39D /* AppDelegate.swift */; };
		21018ED91E6CD501007FA39D /* AgreementViewController.swift in Sources */ = {isa = PBXBuildFile; fileRef = 21018ED81E6CD501007FA39D /* AgreementViewController.swift */; };
		21018EDE1E6CD501007FA39D /* Assets.xcassets in Resources */ = {isa = PBXBuildFile; fileRef = 21018EDD1E6CD501007FA39D /* Assets.xcassets */; };
		21018EE11E6CD501007FA39D /* LaunchScreen.storyboard in Resources */ = {isa = PBXBuildFile; fileRef = 21018EDF1E6CD501007FA39D /* LaunchScreen.storyboard */; };
		21E971FD1E6F3B5800135BEE /* FirstViewController.swift in Sources */ = {isa = PBXBuildFile; fileRef = 21E971FC1E6F3B5800135BEE /* FirstViewController.swift */; };
		21E971FF1E6F3E5E00135BEE /* VideoViewController.swift in Sources */ = {isa = PBXBuildFile; fileRef = 21E971FE1E6F3E5E00135BEE /* VideoViewController.swift */; };
		21E972071E6F50AE00135BEE /* Localized.strings in Resources */ = {isa = PBXBuildFile; fileRef = 21E972061E6F50AE00135BEE /* Localized.strings */; };
/* End PBXBuildFile section */

/* Begin PBXFileReference section */
		21018ED31E6CD501007FA39D /* page1.app */ = {isa = PBXFileReference; explicitFileType = wrapper.application; includeInIndex = 0; path = page1.app; sourceTree = BUILT_PRODUCTS_DIR; };
		21018ED61E6CD501007FA39D /* AppDelegate.swift */ = {isa = PBXFileReference; lastKnownFileType = sourcecode.swift; path = AppDelegate.swift; sourceTree = "<group>"; };
		21018ED81E6CD501007FA39D /* AgreementViewController.swift */ = {isa = PBXFileReference; lastKnownFileType = sourcecode.swift; path = AgreementViewController.swift; sourceTree = "<group>"; };
		21018EDD1E6CD501007FA39D /* Assets.xcassets */ = {isa = PBXFileReference; lastKnownFileType = folder.assetcatalog; path = Assets.xcassets; sourceTree = "<group>"; };
		21018EE01E6CD501007FA39D /* Base */ = {isa = PBXFileReference; lastKnownFileType = file.storyboard; name = Base; path = Base.lproj/LaunchScreen.storyboard; sourceTree = "<group>"; };
		21018EE21E6CD501007FA39D /* Info.plist */ = {isa = PBXFileReference; lastKnownFileType = text.plist.xml; path = Info.plist; sourceTree = "<group>"; };
		21E971FC1E6F3B5800135BEE /* FirstViewController.swift */ = {isa = PBXFileReference; fileEncoding = 4; lastKnownFileType = sourcecode.swift; path = FirstViewController.swift; sourceTree = "<group>"; };
		21E971FE1E6F3E5E00135BEE /* VideoViewController.swift */ = {isa = PBXFileReference; fileEncoding = 4; lastKnownFileType = sourcecode.swift; path = VideoViewController.swift; sourceTree = "<group>"; };
		21E972061E6F50AE00135BEE /* Localized.strings */ = {isa = PBXFileReference; fileEncoding = 4; lastKnownFileType = text.plist.strings; name = Localized.strings; path = ../Localized.strings; sourceTree = "<group>"; };
/* End PBXFileReference section */

/* Begin PBXFrameworksBuildPhase section */
		21018ED01E6CD501007FA39D /* Frameworks */ = {
			isa = PBXFrameworksBuildPhase;
			buildActionMask = 2147483647;
			files = (
			);
			runOnlyForDeploymentPostprocessing = 0;
		};
/* End PBXFrameworksBuildPhase section */

/* Begin PBXGroup section */
		21018ECA1E6CD501007FA39D = {
			isa = PBXGroup;
			children = (
				21018ED51E6CD501007FA39D /* page1 */,
				21018ED41E6CD501007FA39D /* Products */,
			);
			sourceTree = "<group>";
		};
		21018ED41E6CD501007FA39D /* Products */ = {
			isa = PBXGroup;
			children = (
				21018ED31E6CD501007FA39D /* page1.app */,
			);
			name = Products;
			sourceTree = "<group>";
		};
		21018ED51E6CD501007FA39D /* page1 */ = {
			isa = PBXGroup;
			children = (
				21018ED61E6CD501007FA39D /* AppDelegate.swift */,
				21E971FC1E6F3B5800135BEE /* FirstViewController.swift */,
				21E971FE1E6F3E5E00135BEE /* VideoViewController.swift */,
				21018ED81E6CD501007FA39D /* AgreementViewController.swift */,
				21E972061E6F50AE00135BEE /* Localized.strings */,
				21018EDD1E6CD501007FA39D /* Assets.xcassets */,
				21018EDF1E6CD501007FA39D /* LaunchScreen.storyboard */,
				21018EE21E6CD501007FA39D /* Info.plist */,
			);
			path = page1;
			sourceTree = "<group>";
		};
/* End PBXGroup section */

/* Begin PBXNativeTarget section */
		21018ED21E6CD501007FA39D /* page1 */ = {
			isa = PBXNativeTarget;
			buildConfigurationList = 21018EE51E6CD501007FA39D /* Build configuration list for PBXNativeTarget "page1" */;
			buildPhases = (
				21018ECF1E6CD501007FA39D /* Sources */,
				21018ED01E6CD501007FA39D /* Frameworks */,
				21018ED11E6CD501007FA39D /* Resources */,
			);
			buildRules = (
			);
			dependencies = (
			);
			name = page1;
			productName = page1;
			productReference = 21018ED31E6CD501007FA39D /* page1.app */;
			productType = "com.apple.product-type.application";
		};
/* End PBXNativeTarget section */

/* Begin PBXProject section */
		21018ECB1E6CD501007FA39D /* Project object */ = {
			isa = PBXProject;
			attributes = {
				LastSwiftUpdateCheck = 0820;
				LastUpgradeCheck = 0820;
				ORGANIZATIONNAME = lrc;
				TargetAttributes = {
					21018ED21E6CD501007FA39D = {
						CreatedOnToolsVersion = 8.2.1;
						ProvisioningStyle = Automatic;
					};
				};
			};
			buildConfigurationList = 21018ECE1E6CD501007FA39D /* Build configuration list for PBXProject "page1" */;
			compatibilityVersion = "Xcode 3.2";
			developmentRegion = English;
			hasScannedForEncodings = 0;
			knownRegions = (
				en,
				Base,
			);
			mainGroup = 21018ECA1E6CD501007FA39D;
			productRefGroup = 21018ED41E6CD501007FA39D /* Products */;
			projectDirPath = "";
			projectRoot = "";
			targets = (
				21018ED21E6CD501007FA39D /* page1 */,
			);
		};
/* End PBXProject section */

/* Begin PBXResourcesBuildPhase section */
		21018ED11E6CD501007FA39D /* Resources */ = {
			isa = PBXResourcesBuildPhase;
			buildActionMask = 2147483647;
			files = (
				21E972071E6F50AE00135BEE /* Localized.strings in Resources */,
				21018EE11E6CD501007FA39D /* LaunchScreen.storyboard in Resources */,
				21018EDE1E6CD501007FA39D /* Assets.xcassets in Resources */,
			);
			runOnlyForDeploymentPostprocessing = 0;
		};
/* End PBXResourcesBuildPhase section */

/* Begin PBXSourcesBuildPhase section */
		21018ECF1E6CD501007FA39D /* Sources */ = {
			isa = PBXSourcesBuildPhase;
			buildActionMask = 2147483647;
			files = (
				21E971FD1E6F3B5800135BEE /* FirstViewController.swift in Sources */,
				21018ED91E6CD501007FA39D /* AgreementViewController.swift in Sources */,
				21E971FF1E6F3E5E00135BEE /* VideoViewController.swift in Sources */,
				21018ED71E6CD501007FA39D /* AppDelegate.swift in Sources */,
			);
			runOnlyForDeploymentPostprocessing = 0;
		};
/* End PBXSourcesBuildPhase section */

/* Begin PBXVariantGroup section */
		21018EDF1E6CD501007FA39D /* LaunchScreen.storyboard */ = {
			isa = PBXVariantGroup;
			children = (
				21018EE01E6CD501007FA39D /* Base */,
			);
			name = LaunchScreen.storyboard;
			sourceTree = "<group>";
		};
/* End PBXVariantGroup section */

/* Begin XCBuildConfiguration section */
		21018EE31E6CD501007FA39D /* Debug */ = {
			isa = XCBuildConfiguration;
			buildSettings = {
				ALWAYS_SEARCH_USER_PATHS = NO;
				CLANG_ANALYZER_NONNULL = YES;
				CLANG_CXX_LANGUAGE_STANDARD = "gnu++0x";
				CLANG_CXX_LIBRARY = "libc++";
				CLANG_ENABLE_MODULES = YES;
				CLANG_ENABLE_OBJC_ARC = YES;
				CLANG_WARN_BOOL_CONVERSION = YES;
				CLANG_WARN_CONSTANT_CONVERSION = YES;
				CLANG_WARN_DIRECT_OBJC_ISA_USAGE = YES_ERROR;
				CLANG_WARN_DOCUMENTATION_COMMENTS = YES;
				CLANG_WARN_EMPTY_BODY = YES;
				CLANG_WARN_ENUM_CONVERSION = YES;
				CLANG_WARN_INFINITE_RECURSION = YES;
				CLANG_WARN_INT_CONVERSION = YES;
				CLANG_WARN_OBJC_ROOT_CLASS = YES_ERROR;
				CLANG_WARN_SUSPICIOUS_MOVE = YES;
				CLANG_WARN_UNREACHABLE_CODE = YES;
				CLANG_WARN__DUPLICATE_METHOD_MATCH = YES;
				"CODE_SIGN_IDENTITY[sdk=iphoneos*]" = "iPhone Developer";
				COPY_PHASE_STRIP = NO;
				DEBUG_INFORMATION_FORMAT = dwarf;
				ENABLE_STRICT_OBJC_MSGSEND = YES;
				ENABLE_TESTABILITY = YES;
				GCC_C_LANGUAGE_STANDARD = gnu99;
				GCC_DYNAMIC_NO_PIC = NO;
				GCC_NO_COMMON_BLOCKS = YES;
				GCC_OPTIMIZATION_LEVEL = 0;
				GCC_PREPROCESSOR_DEFINITIONS = (
					"DEBUG=1",
					"$(inherited)",
				);
				GCC_WARN_64_TO_32_BIT_CONVERSION = YES;
				GCC_WARN_ABOUT_RETURN_TYPE = YES_ERROR;
				GCC_WARN_UNDECLARED_SELECTOR = YES;
				GCC_WARN_UNINITIALIZED_AUTOS = YES_AGGRESSIVE;
				GCC_WARN_UNUSED_FUNCTION = YES;
				GCC_WARN_UNUSED_VARIABLE = YES;
				IPHONEOS_DEPLOYMENT_TARGET = 10.2;
				MTL_ENABLE_DEBUG_INFO = YES;
				ONLY_ACTIVE_ARCH = YES;
				SDKROOT = iphoneos;
				SWIFT_ACTIVE_COMPILATION_CONDITIONS = DEBUG;
				SWIFT_OPTIMIZATION_LEVEL = "-Onone";
				TARGETED_DEVICE_FAMILY = "1,2";
			};
			name = Debug;
		};
		21018EE41E6CD501007FA39D /* Release */ = {
			isa = XCBuildConfiguration;
			buildSettings = {
				ALWAYS_SEARCH_USER_PATHS = NO;
				CLANG_ANALYZER_NONNULL = YES;
				CLANG_CXX_LANGUAGE_STANDARD = "gnu++0x";
				CLANG_CXX_LIBRARY = "libc++";
				CLANG_ENABLE_MODULES = YES;
				CLANG_ENABLE_OBJC_ARC = YES;
				CLANG_WARN_BOOL_CONVERSION = YES;
				CLANG_WARN_CONSTANT_CONVERSION = YES;
				CLANG_WARN_DIRECT_OBJC_ISA_USAGE = YES_ERROR;
				CLANG_WARN_DOCUMENTATION_COMMENTS = YES;
				CLANG_WARN_EMPTY_BODY = YES;
				CLANG_WARN_ENUM_CONVERSION = YES;
				CLANG_WARN_INFINITE_RECURSION = YES;
				CLANG_WARN_INT_CONVERSION = YES;
				CLANG_WARN_OBJC_ROOT_CLASS = YES_ERROR;
				CLANG_WARN_SUSPICIOUS_MOVE = YES;
				CLANG_WARN_UNREACHABLE_CODE = YES;
				CLANG_WARN__DUPLICATE_METHOD_MATCH = YES;
				"CODE_SIGN_IDENTITY[sdk=iphoneos*]" = "iPhone Developer";
				COPY_PHASE_STRIP = NO;
				DEBUG_INFORMATION_FORMAT = "dwarf-with-dsym";
				ENABLE_NS_ASSERTIONS = NO;
				ENABLE_STRICT_OBJC_MSGSEND = YES;
				GCC_C_LANGUAGE_STANDARD = gnu99;
				GCC_NO_COMMON_BLOCKS = YES;
				GCC_WARN_64_TO_32_BIT_CONVERSION = YES;
				GCC_WARN_ABOUT_RETURN_TYPE = YES_ERROR;
				GCC_WARN_UNDECLARED_SELECTOR = YES;
				GCC_WARN_UNINITIALIZED_AUTOS = YES_AGGRESSIVE;
				GCC_WARN_UNUSED_FUNCTION = YES;
				GCC_WARN_UNUSED_VARIABLE = YES;
				IPHONEOS_DEPLOYMENT_TARGET = 10.2;
				MTL_ENABLE_DEBUG_INFO = NO;
				SDKROOT = iphoneos;
				SWIFT_OPTIMIZATION_LEVEL = "-Owholemodule";
				TARGETED_DEVICE_FAMILY = "1,2";
				VALIDATE_PRODUCT = YES;
			};
			name = Release;
		};
		21018EE61E6CD501007FA39D /* Debug */ = {
			isa = XCBuildConfiguration;
			buildSettings = {
				ASSETCATALOG_COMPILER_APPICON_NAME = AppIcon;
				INFOPLIST_FILE = page1/Info.plist;
				LD_RUNPATH_SEARCH_PATHS = "$(inherited) @executable_path/Frameworks";
				PRODUCT_BUNDLE_IDENTIFIER = lrc.page1;
				PRODUCT_NAME = "$(TARGET_NAME)";
				SWIFT_VERSION = 3.0;
			};
			name = Debug;
		};
		21018EE71E6CD501007FA39D /* Release */ = {
			isa = XCBuildConfiguration;
			buildSettings = {
				ASSETCATALOG_COMPILER_APPICON_NAME = AppIcon;
				INFOPLIST_FILE = page1/Info.plist;
				LD_RUNPATH_SEARCH_PATHS = "$(inherited) @executable_path/Frameworks";
				PRODUCT_BUNDLE_IDENTIFIER = lrc.page1;
				PRODUCT_NAME = "$(TARGET_NAME)";
				SWIFT_VERSION = 3.0;
			};
			name = Release;
		};
/* End XCBuildConfiguration section */

/* Begin XCConfigurationList section */
		21018ECE1E6CD501007FA39D /* Build configuration list for PBXProject "page1" */ = {
			isa = XCConfigurationList;
			buildConfigurations = (
				21018EE31E6CD501007FA39D /* Debug */,
				21018EE41E6CD501007FA39D /* Release */,
			);
			defaultConfigurationIsVisible = 0;
			defaultConfigurationName = Release;
		};
		21018EE51E6CD501007FA39D /* Build configuration list for PBXNativeTarget "page1" */ = {
			isa = XCConfigurationList;
			buildConfigurations = (
				21018EE61E6CD501007FA39D /* Debug */,
				21018EE71E6CD501007FA39D /* Release */,
			);
			defaultConfigurationIsVisible = 0;
			defaultConfigurationName = Release;
		};
/* End XCConfigurationList section */
	};
	rootObject = 21018ECB1E6CD501007FA39D /* Project object */;
}
